
Microsoft Visual Studio Solution File, Format Version 12.00
# Visual Studio Version 16
VisualStudioVersion = 16.0.808.4
MinimumVisualStudioVersion = 10.0.40219.1
Project("{FAE04EC0-301F-11D3-BF4B-00C04F79EFBC}") = "moment1", "moment1\moment1.csproj", "{0E018160-A3C1-4E65-ADBD-47307BA13D9C}"
EndProject
Global
	GlobalSection(SolutionConfigurationPlatforms) = preSolution
		Debug|Any CPU = Debug|Any CPU
		Release|Any CPU = Release|Any CPU
	EndGlobalSection
	GlobalSection(ProjectConfigurationPlatforms) = postSolution
		{0E018160-A3C1-4E65-ADBD-47307BA13D9C}.Debug|Any CPU.ActiveCfg = Debug|Any CPU
		{0E018160-A3C1-4E65-ADBD-47307BA13D9C}.Debug|Any CPU.Build.0 = Debug|Any CPU
		{0E018160-A3C1-4E65-ADBD-47307BA13D9C}.Release|Any CPU.ActiveCfg = Release|Any CPU
		{0E018160-A3C1-4E65-ADBD-47307BA13D9C}.Release|Any CPU.Build.0 = Release|Any CPU
	EndGlobalSection
	GlobalSection(SolutionProperties) = preSolution
		HideSolutionNode = FALSE
	EndGlobalSection
	GlobalSection(ExtensibilityGlobals) = postSolution
		SolutionGuid = {AA3B513B-2776-4271-84CD-8E9C43DCFEB8}
	EndGlobalSection
EndGlobal
